{
  "name": "rustpad",
  "version": "1.0.5",
  "lockfileVersion": 3,
  "requires": true,
  "packages": {
    "": {
      "name": "rustpad",
      "version": "1.0.5",
      "dependencies": {
        "@highlightjs/cdn-assets": "^11.11.1",
        "marked": "^15.0.11",
        "marked-alert": "^2.1.2",
        "marked-extended-tables": "^2.0.1",
        "marked-highlight": "^2.2.2"
      }
    },
    "node_modules/@highlightjs/cdn-assets": {
      "version": "11.11.1",
      "resolved": "https://registry.npmjs.org/@highlightjs/cdn-assets/-/cdn-assets-11.11.1.tgz",
      "integrity": "sha512-VEPdHzwelZ12hEX18BHduqxMZGolcUsrbeokHYxOUIm8X2+M7nx5QPtPeQgRxR9XjhdLv4/7DD5BWOlSrJ3k7Q==",
      "license": "BSD-3-Clause",
      "engines": {
        "node": ">=12.0.0"
      }
    },
    "node_modules/marked": {
      "version": "15.0.12",
      "resolved": "https://registry.npmjs.org/marked/-/marked-15.0.12.tgz",
      "integrity": "sha512-8dD6FusOQSrpv9Z1rdNMdlSgQOIP880DHqnohobOmYLElGEqAL/JvxvuxZO16r4HtjTlfPRDC1hbvxC9dPN2nA==",
      "license": "MIT",
      "bin": {
        "marked": "bin/marked.js"
      },
      "engines": {
        "node": ">= 18"
      }
    },
    "node_modules/marked-alert": {
      "version": "2.1.2",
      "resolved": "https://registry.npmjs.org/marked-alert/-/marked-alert-2.1.2.tgz",
      "integrity": "sha512-EFNRZ08d8L/iEIPLTlQMDjvwIsj03gxWCczYTht6DCiHJIZhMk4NK5gtPY9UqAYb09eV5VGT+jD4lp396E0I+w==",
      "license": "MIT",
      "peerDependencies": {
        "marked": ">=7.0.0"
      }
    },
    "node_modules/marked-extended-tables": {
      "version": "2.0.1",
      "resolved": "https://registry.npmjs.org/marked-extended-tables/-/marked-extended-tables-2.0.1.tgz",
      "integrity": "sha512-DV4Si978ZdaFbycIxzG4TdaNMtC0J8QfIKj1UOCejgJHwVjVJse8DNdJriWDeo/n74DWVYpRC6S56AdgWDPrPA==",
      "license": "MIT",
      "peerDependencies": {
        "marked": ">=3 <16"
      }
    },
    "node_modules/marked-highlight": {
      "version": "2.2.2",
      "resolved": "https://registry.npmjs.org/marked-highlight/-/marked-highlight-2.2.2.tgz",
      "integrity": "sha512-KlHOP31DatbtPPXPaI8nx1KTrG3EW0Z5zewCwpUj65swbtKOTStteK3sNAjBqV75Pgo3fNEVNHeptg18mDuWgw==",
      "license": "MIT",
      "peerDependencies": {
        "marked": ">=4 <17"
      }
    }
  }
}
